
Microsoft Visual Studio Solution File, Format Version 12.00
# Visual Studio Version 16
VisualStudioVersion = 16.0.29411.108
MinimumVisualStudioVersion = 10.0.40219.1
Project("{9A19103F-16F7-4668-BE54-9A1E7A4F7556}") = "Penguin.Cms.Email", "Penguin.Cms.Email.csproj", "{5F2675B7-A9A4-4207-A7C5-690E72DB9519}"
EndProject
Global
	GlobalSection(SolutionConfigurationPlatforms) = preSolution
		Debug|Any CPU = Debug|Any CPU
		Release|Any CPU = Release|Any CPU
	EndGlobalSection
	GlobalSection(ProjectConfigurationPlatforms) = postSolution
		{5F2675B7-A9A4-4207-A7C5-690E72DB9519}.Debug|Any CPU.ActiveCfg = Debug|Any CPU
		{5F2675B7-A9A4-4207-A7C5-690E72DB9519}.Debug|Any CPU.Build.0 = Debug|Any CPU
		{5F2675B7-A9A4-4207-A7C5-690E72DB9519}.Release|Any CPU.ActiveCfg = Release|Any CPU
		{5F2675B7-A9A4-4207-A7C5-690E72DB9519}.Release|Any CPU.Build.0 = Release|Any CPU
	EndGlobalSection
	GlobalSection(SolutionProperties) = preSolution
		HideSolutionNode = FALSE
	EndGlobalSection
	GlobalSection(ExtensibilityGlobals) = postSolution
		SolutionGuid = {EF330EB9-1FC2-4D52-BA3A-F41E2FD66F8B}
	EndGlobalSection
EndGlobal
