
Microsoft Visual Studio Solution File, Format Version 12.00
# Visual Studio Version 16
VisualStudioVersion = 16.6.30114.105
MinimumVisualStudioVersion = 10.0.40219.1
Project("{FAE04EC0-301F-11D3-BF4B-00C04F79EFBC}") = "Penguin.Cms.Email.Local", "Penguin.Cms.Email.Local.csproj", "{E4972322-2D54-4574-9254-715F80294280}"
EndProject
Project("{FAE04EC0-301F-11D3-BF4B-00C04F79EFBC}") = "Penguin.Cms.Email.Abstractions.Local", "..\Penguin.Cms.Email.Abstractions\Penguin.Cms.Email.Abstractions.Local.csproj", "{5C6EA797-483F-4430-8360-3CFD93557C58}"
EndProject
Project("{FAE04EC0-301F-11D3-BF4B-00C04F79EFBC}") = "Penguin.Email.Abstractions.Local", "..\Penguin.Email.Abstractions\Penguin.Email.Abstractions.Local.csproj", "{ED880986-1224-4D77-A375-0A754C68E066}"
EndProject
Project("{FAE04EC0-301F-11D3-BF4B-00C04F79EFBC}") = "Penguin.Files.Abstractions.Local", "..\Penguin.Files.Abstractions\Penguin.Files.Abstractions.Local.csproj", "{06354273-9C62-4A9A-911E-FAE1B6A6F092}"
EndProject
Project("{FAE04EC0-301F-11D3-BF4B-00C04F79EFBC}") = "Penguin.Email.Local", "..\Penguin.Email\Penguin.Email.Local.csproj", "{414C714A-3EFC-47AC-95C5-512B4F236521}"
EndProject
Project("{FAE04EC0-301F-11D3-BF4B-00C04F79EFBC}") = "Penguin.Web.Data.Local", "..\Penguin.Web.Data\Penguin.Web.Data.Local.csproj", "{EBEB899B-5877-4945-A2D0-A2FC56B0264B}"
EndProject
Project("{FAE04EC0-301F-11D3-BF4B-00C04F79EFBC}") = "Penguin.DependencyInjection.Abstractions.Local", "..\Penguin.DependencyInjection.Abstractions\Penguin.DependencyInjection.Abstractions.Local.csproj", "{534C5FAE-2EB1-47FA-88AA-E2804EAE7BF4}"
EndProject
Project("{FAE04EC0-301F-11D3-BF4B-00C04F79EFBC}") = "Penguin.Configuration.Abstractions.Local", "..\Penguin.Configuration.Abstractions\Penguin.Configuration.Abstractions.Local.csproj", "{5E8D60D8-7769-49F4-B19D-1589C7777B83}"
EndProject
Project("{FAE04EC0-301F-11D3-BF4B-00C04F79EFBC}") = "Penguin.Extensions.String.Local", "..\Penguin.Extensions.String\Penguin.Extensions.String.Local.csproj", "{FAA13AED-1852-4605-A01A-031E88490AAD}"
EndProject
Project("{FAE04EC0-301F-11D3-BF4B-00C04F79EFBC}") = "Penguin.Cms.Abstractions.Local", "..\Penguin.Cms.Abstractions\Penguin.Cms.Abstractions.Local.csproj", "{CF12DEC2-5E89-4BC7-843D-024C384AC41C}"
EndProject
Project("{FAE04EC0-301F-11D3-BF4B-00C04F79EFBC}") = "Penguin.Persistence.Abstractions.Local", "..\Penguin.Persistence.Abstractions\Penguin.Persistence.Abstractions.Local.csproj", "{8E1C8FA7-3B6B-4E47-9298-F6A3880518FF}"
EndProject
Project("{FAE04EC0-301F-11D3-BF4B-00C04F79EFBC}") = "Penguin.Entities.Abstractions.Local", "..\Penguin.Entities.Abstractions\Penguin.Entities.Abstractions.Local.csproj", "{21CE91E9-5DE8-4AA2-A21E-E775396C58E8}"
EndProject
Project("{FAE04EC0-301F-11D3-BF4B-00C04F79EFBC}") = "Penguin.Reflection.Extensions.Local", "..\Penguin.Reflection.Extensions\Penguin.Reflection.Extensions.Local.csproj", "{1A1FF961-591B-486E-B7D8-B89965CCF480}"
EndProject
Project("{FAE04EC0-301F-11D3-BF4B-00C04F79EFBC}") = "Penguin.Reflection.Abstractions.Local", "..\Penguin.Reflection.Abstractions\Penguin.Reflection.Abstractions.Local.csproj", "{B28F450A-5A06-475A-9212-E3195137E145}"
EndProject
Project("{FAE04EC0-301F-11D3-BF4B-00C04F79EFBC}") = "Penguin.Cms.Files.Local", "..\Penguin.Cms.Files\Penguin.Cms.Files.Local.csproj", "{7403A243-AB29-48FF-8189-7B0F98692DED}"
EndProject
Project("{FAE04EC0-301F-11D3-BF4B-00C04F79EFBC}") = "Penguin.Cms.Entities.Local", "..\Penguin.Cms.Entities\Penguin.Cms.Entities.Local.csproj", "{054C9F04-995D-4862-BED9-D6E45BE8F258}"
EndProject
Global
	GlobalSection(SolutionConfigurationPlatforms) = preSolution
		Debug|Any CPU = Debug|Any CPU
		Debug|x64 = Debug|x64
		Debug|x86 = Debug|x86
		Release|Any CPU = Release|Any CPU
		Release|x64 = Release|x64
		Release|x86 = Release|x86
	EndGlobalSection
	GlobalSection(SolutionProperties) = preSolution
		HideSolutionNode = FALSE
	EndGlobalSection
	GlobalSection(ProjectConfigurationPlatforms) = postSolution
		{E4972322-2D54-4574-9254-715F80294280}.Debug|Any CPU.ActiveCfg = Debug|Any CPU
		{E4972322-2D54-4574-9254-715F80294280}.Debug|Any CPU.Build.0 = Debug|Any CPU
		{E4972322-2D54-4574-9254-715F80294280}.Debug|x64.ActiveCfg = Debug|Any CPU
		{E4972322-2D54-4574-9254-715F80294280}.Debug|x64.Build.0 = Debug|Any CPU
		{E4972322-2D54-4574-9254-715F80294280}.Debug|x86.ActiveCfg = Debug|Any CPU
		{E4972322-2D54-4574-9254-715F80294280}.Debug|x86.Build.0 = Debug|Any CPU
		{E4972322-2D54-4574-9254-715F80294280}.Release|Any CPU.ActiveCfg = Release|Any CPU
		{E4972322-2D54-4574-9254-715F80294280}.Release|Any CPU.Build.0 = Release|Any CPU
		{E4972322-2D54-4574-9254-715F80294280}.Release|x64.ActiveCfg = Release|Any CPU
		{E4972322-2D54-4574-9254-715F80294280}.Release|x64.Build.0 = Release|Any CPU
		{E4972322-2D54-4574-9254-715F80294280}.Release|x86.ActiveCfg = Release|Any CPU
		{E4972322-2D54-4574-9254-715F80294280}.Release|x86.Build.0 = Release|Any CPU
		{5C6EA797-483F-4430-8360-3CFD93557C58}.Debug|Any CPU.ActiveCfg = Debug|Any CPU
		{5C6EA797-483F-4430-8360-3CFD93557C58}.Debug|Any CPU.Build.0 = Debug|Any CPU
		{5C6EA797-483F-4430-8360-3CFD93557C58}.Debug|x64.ActiveCfg = Debug|Any CPU
		{5C6EA797-483F-4430-8360-3CFD93557C58}.Debug|x64.Build.0 = Debug|Any CPU
		{5C6EA797-483F-4430-8360-3CFD93557C58}.Debug|x86.ActiveCfg = Debug|Any CPU
		{5C6EA797-483F-4430-8360-3CFD93557C58}.Debug|x86.Build.0 = Debug|Any CPU
		{5C6EA797-483F-4430-8360-3CFD93557C58}.Release|Any CPU.ActiveCfg = Release|Any CPU
		{5C6EA797-483F-4430-8360-3CFD93557C58}.Release|Any CPU.Build.0 = Release|Any CPU
		{5C6EA797-483F-4430-8360-3CFD93557C58}.Release|x64.ActiveCfg = Release|Any CPU
		{5C6EA797-483F-4430-8360-3CFD93557C58}.Release|x64.Build.0 = Release|Any CPU
		{5C6EA797-483F-4430-8360-3CFD93557C58}.Release|x86.ActiveCfg = Release|Any CPU
		{5C6EA797-483F-4430-8360-3CFD93557C58}.Release|x86.Build.0 = Release|Any CPU
		{ED880986-1224-4D77-A375-0A754C68E066}.Debug|Any CPU.ActiveCfg = Debug|Any CPU
		{ED880986-1224-4D77-A375-0A754C68E066}.Debug|Any CPU.Build.0 = Debug|Any CPU
		{ED880986-1224-4D77-A375-0A754C68E066}.Debug|x64.ActiveCfg = Debug|Any CPU
		{ED880986-1224-4D77-A375-0A754C68E066}.Debug|x64.Build.0 = Debug|Any CPU
		{ED880986-1224-4D77-A375-0A754C68E066}.Debug|x86.ActiveCfg = Debug|Any CPU
		{ED880986-1224-4D77-A375-0A754C68E066}.Debug|x86.Build.0 = Debug|Any CPU
		{ED880986-1224-4D77-A375-0A754C68E066}.Release|Any CPU.ActiveCfg = Release|Any CPU
		{ED880986-1224-4D77-A375-0A754C68E066}.Release|Any CPU.Build.0 = Release|Any CPU
		{ED880986-1224-4D77-A375-0A754C68E066}.Release|x64.ActiveCfg = Release|Any CPU
		{ED880986-1224-4D77-A375-0A754C68E066}.Release|x64.Build.0 = Release|Any CPU
		{ED880986-1224-4D77-A375-0A754C68E066}.Release|x86.ActiveCfg = Release|Any CPU
		{ED880986-1224-4D77-A375-0A754C68E066}.Release|x86.Build.0 = Release|Any CPU
		{06354273-9C62-4A9A-911E-FAE1B6A6F092}.Debug|Any CPU.ActiveCfg = Debug|Any CPU
		{06354273-9C62-4A9A-911E-FAE1B6A6F092}.Debug|Any CPU.Build.0 = Debug|Any CPU
		{06354273-9C62-4A9A-911E-FAE1B6A6F092}.Debug|x64.ActiveCfg = Debug|Any CPU
		{06354273-9C62-4A9A-911E-FAE1B6A6F092}.Debug|x64.Build.0 = Debug|Any CPU
		{06354273-9C62-4A9A-911E-FAE1B6A6F092}.Debug|x86.ActiveCfg = Debug|Any CPU
		{06354273-9C62-4A9A-911E-FAE1B6A6F092}.Debug|x86.Build.0 = Debug|Any CPU
		{06354273-9C62-4A9A-911E-FAE1B6A6F092}.Release|Any CPU.ActiveCfg = Release|Any CPU
		{06354273-9C62-4A9A-911E-FAE1B6A6F092}.Release|Any CPU.Build.0 = Release|Any CPU
		{06354273-9C62-4A9A-911E-FAE1B6A6F092}.Release|x64.ActiveCfg = Release|Any CPU
		{06354273-9C62-4A9A-911E-FAE1B6A6F092}.Release|x64.Build.0 = Release|Any CPU
		{06354273-9C62-4A9A-911E-FAE1B6A6F092}.Release|x86.ActiveCfg = Release|Any CPU
		{06354273-9C62-4A9A-911E-FAE1B6A6F092}.Release|x86.Build.0 = Release|Any CPU
		{414C714A-3EFC-47AC-95C5-512B4F236521}.Debug|Any CPU.ActiveCfg = Debug|Any CPU
		{414C714A-3EFC-47AC-95C5-512B4F236521}.Debug|Any CPU.Build.0 = Debug|Any CPU
		{414C714A-3EFC-47AC-95C5-512B4F236521}.Debug|x64.ActiveCfg = Debug|Any CPU
		{414C714A-3EFC-47AC-95C5-512B4F236521}.Debug|x64.Build.0 = Debug|Any CPU
		{414C714A-3EFC-47AC-95C5-512B4F236521}.Debug|x86.ActiveCfg = Debug|Any CPU
		{414C714A-3EFC-47AC-95C5-512B4F236521}.Debug|x86.Build.0 = Debug|Any CPU
		{414C714A-3EFC-47AC-95C5-512B4F236521}.Release|Any CPU.ActiveCfg = Release|Any CPU
		{414C714A-3EFC-47AC-95C5-512B4F236521}.Release|Any CPU.Build.0 = Release|Any CPU
		{414C714A-3EFC-47AC-95C5-512B4F236521}.Release|x64.ActiveCfg = Release|Any CPU
		{414C714A-3EFC-47AC-95C5-512B4F236521}.Release|x64.Build.0 = Release|Any CPU
		{414C714A-3EFC-47AC-95C5-512B4F236521}.Release|x86.ActiveCfg = Release|Any CPU
		{414C714A-3EFC-47AC-95C5-512B4F236521}.Release|x86.Build.0 = Release|Any CPU
		{EBEB899B-5877-4945-A2D0-A2FC56B0264B}.Debug|Any CPU.ActiveCfg = Debug|Any CPU
		{EBEB899B-5877-4945-A2D0-A2FC56B0264B}.Debug|Any CPU.Build.0 = Debug|Any CPU
		{EBEB899B-5877-4945-A2D0-A2FC56B0264B}.Debug|x64.ActiveCfg = Debug|Any CPU
		{EBEB899B-5877-4945-A2D0-A2FC56B0264B}.Debug|x64.Build.0 = Debug|Any CPU
		{EBEB899B-5877-4945-A2D0-A2FC56B0264B}.Debug|x86.ActiveCfg = Debug|Any CPU
		{EBEB899B-5877-4945-A2D0-A2FC56B0264B}.Debug|x86.Build.0 = Debug|Any CPU
		{EBEB899B-5877-4945-A2D0-A2FC56B0264B}.Release|Any CPU.ActiveCfg = Release|Any CPU
		{EBEB899B-5877-4945-A2D0-A2FC56B0264B}.Release|Any CPU.Build.0 = Release|Any CPU
		{EBEB899B-5877-4945-A2D0-A2FC56B0264B}.Release|x64.ActiveCfg = Release|Any CPU
		{EBEB899B-5877-4945-A2D0-A2FC56B0264B}.Release|x64.Build.0 = Release|Any CPU
		{EBEB899B-5877-4945-A2D0-A2FC56B0264B}.Release|x86.ActiveCfg = Release|Any CPU
		{EBEB899B-5877-4945-A2D0-A2FC56B0264B}.Release|x86.Build.0 = Release|Any CPU
		{534C5FAE-2EB1-47FA-88AA-E2804EAE7BF4}.Debug|Any CPU.ActiveCfg = Debug|Any CPU
		{534C5FAE-2EB1-47FA-88AA-E2804EAE7BF4}.Debug|Any CPU.Build.0 = Debug|Any CPU
		{534C5FAE-2EB1-47FA-88AA-E2804EAE7BF4}.Debug|x64.ActiveCfg = Debug|Any CPU
		{534C5FAE-2EB1-47FA-88AA-E2804EAE7BF4}.Debug|x64.Build.0 = Debug|Any CPU
		{534C5FAE-2EB1-47FA-88AA-E2804EAE7BF4}.Debug|x86.ActiveCfg = Debug|Any CPU
		{534C5FAE-2EB1-47FA-88AA-E2804EAE7BF4}.Debug|x86.Build.0 = Debug|Any CPU
		{534C5FAE-2EB1-47FA-88AA-E2804EAE7BF4}.Release|Any CPU.ActiveCfg = Release|Any CPU
		{534C5FAE-2EB1-47FA-88AA-E2804EAE7BF4}.Release|Any CPU.Build.0 = Release|Any CPU
		{534C5FAE-2EB1-47FA-88AA-E2804EAE7BF4}.Release|x64.ActiveCfg = Release|Any CPU
		{534C5FAE-2EB1-47FA-88AA-E2804EAE7BF4}.Release|x64.Build.0 = Release|Any CPU
		{534C5FAE-2EB1-47FA-88AA-E2804EAE7BF4}.Release|x86.ActiveCfg = Release|Any CPU
		{534C5FAE-2EB1-47FA-88AA-E2804EAE7BF4}.Release|x86.Build.0 = Release|Any CPU
		{5E8D60D8-7769-49F4-B19D-1589C7777B83}.Debug|Any CPU.ActiveCfg = Debug|Any CPU
		{5E8D60D8-7769-49F4-B19D-1589C7777B83}.Debug|Any CPU.Build.0 = Debug|Any CPU
		{5E8D60D8-7769-49F4-B19D-1589C7777B83}.Debug|x64.ActiveCfg = Debug|Any CPU
		{5E8D60D8-7769-49F4-B19D-1589C7777B83}.Debug|x64.Build.0 = Debug|Any CPU
		{5E8D60D8-7769-49F4-B19D-1589C7777B83}.Debug|x86.ActiveCfg = Debug|Any CPU
		{5E8D60D8-7769-49F4-B19D-1589C7777B83}.Debug|x86.Build.0 = Debug|Any CPU
		{5E8D60D8-7769-49F4-B19D-1589C7777B83}.Release|Any CPU.ActiveCfg = Release|Any CPU
		{5E8D60D8-7769-49F4-B19D-1589C7777B83}.Release|Any CPU.Build.0 = Release|Any CPU
		{5E8D60D8-7769-49F4-B19D-1589C7777B83}.Release|x64.ActiveCfg = Release|Any CPU
		{5E8D60D8-7769-49F4-B19D-1589C7777B83}.Release|x64.Build.0 = Release|Any CPU
		{5E8D60D8-7769-49F4-B19D-1589C7777B83}.Release|x86.ActiveCfg = Release|Any CPU
		{5E8D60D8-7769-49F4-B19D-1589C7777B83}.Release|x86.Build.0 = Release|Any CPU
		{FAA13AED-1852-4605-A01A-031E88490AAD}.Debug|Any CPU.ActiveCfg = Debug|Any CPU
		{FAA13AED-1852-4605-A01A-031E88490AAD}.Debug|Any CPU.Build.0 = Debug|Any CPU
		{FAA13AED-1852-4605-A01A-031E88490AAD}.Debug|x64.ActiveCfg = Debug|Any CPU
		{FAA13AED-1852-4605-A01A-031E88490AAD}.Debug|x64.Build.0 = Debug|Any CPU
		{FAA13AED-1852-4605-A01A-031E88490AAD}.Debug|x86.ActiveCfg = Debug|Any CPU
		{FAA13AED-1852-4605-A01A-031E88490AAD}.Debug|x86.Build.0 = Debug|Any CPU
		{FAA13AED-1852-4605-A01A-031E88490AAD}.Release|Any CPU.ActiveCfg = Release|Any CPU
		{FAA13AED-1852-4605-A01A-031E88490AAD}.Release|Any CPU.Build.0 = Release|Any CPU
		{FAA13AED-1852-4605-A01A-031E88490AAD}.Release|x64.ActiveCfg = Release|Any CPU
		{FAA13AED-1852-4605-A01A-031E88490AAD}.Release|x64.Build.0 = Release|Any CPU
		{FAA13AED-1852-4605-A01A-031E88490AAD}.Release|x86.ActiveCfg = Release|Any CPU
		{FAA13AED-1852-4605-A01A-031E88490AAD}.Release|x86.Build.0 = Release|Any CPU
		{CF12DEC2-5E89-4BC7-843D-024C384AC41C}.Debug|Any CPU.ActiveCfg = Debug|Any CPU
		{CF12DEC2-5E89-4BC7-843D-024C384AC41C}.Debug|Any CPU.Build.0 = Debug|Any CPU
		{CF12DEC2-5E89-4BC7-843D-024C384AC41C}.Debug|x64.ActiveCfg = Debug|Any CPU
		{CF12DEC2-5E89-4BC7-843D-024C384AC41C}.Debug|x64.Build.0 = Debug|Any CPU
		{CF12DEC2-5E89-4BC7-843D-024C384AC41C}.Debug|x86.ActiveCfg = Debug|Any CPU
		{CF12DEC2-5E89-4BC7-843D-024C384AC41C}.Debug|x86.Build.0 = Debug|Any CPU
		{CF12DEC2-5E89-4BC7-843D-024C384AC41C}.Release|Any CPU.ActiveCfg = Release|Any CPU
		{CF12DEC2-5E89-4BC7-843D-024C384AC41C}.Release|Any CPU.Build.0 = Release|Any CPU
		{CF12DEC2-5E89-4BC7-843D-024C384AC41C}.Release|x64.ActiveCfg = Release|Any CPU
		{CF12DEC2-5E89-4BC7-843D-024C384AC41C}.Release|x64.Build.0 = Release|Any CPU
		{CF12DEC2-5E89-4BC7-843D-024C384AC41C}.Release|x86.ActiveCfg = Release|Any CPU
		{CF12DEC2-5E89-4BC7-843D-024C384AC41C}.Release|x86.Build.0 = Release|Any CPU
		{8E1C8FA7-3B6B-4E47-9298-F6A3880518FF}.Debug|Any CPU.ActiveCfg = Debug|Any CPU
		{8E1C8FA7-3B6B-4E47-9298-F6A3880518FF}.Debug|Any CPU.Build.0 = Debug|Any CPU
		{8E1C8FA7-3B6B-4E47-9298-F6A3880518FF}.Debug|x64.ActiveCfg = Debug|Any CPU
		{8E1C8FA7-3B6B-4E47-9298-F6A3880518FF}.Debug|x64.Build.0 = Debug|Any CPU
		{8E1C8FA7-3B6B-4E47-9298-F6A3880518FF}.Debug|x86.ActiveCfg = Debug|Any CPU
		{8E1C8FA7-3B6B-4E47-9298-F6A3880518FF}.Debug|x86.Build.0 = Debug|Any CPU
		{8E1C8FA7-3B6B-4E47-9298-F6A3880518FF}.Release|Any CPU.ActiveCfg = Release|Any CPU
		{8E1C8FA7-3B6B-4E47-9298-F6A3880518FF}.Release|Any CPU.Build.0 = Release|Any CPU
		{8E1C8FA7-3B6B-4E47-9298-F6A3880518FF}.Release|x64.ActiveCfg = Release|Any CPU
		{8E1C8FA7-3B6B-4E47-9298-F6A3880518FF}.Release|x64.Build.0 = Release|Any CPU
		{8E1C8FA7-3B6B-4E47-9298-F6A3880518FF}.Release|x86.ActiveCfg = Release|Any CPU
		{8E1C8FA7-3B6B-4E47-9298-F6A3880518FF}.Release|x86.Build.0 = Release|Any CPU
		{21CE91E9-5DE8-4AA2-A21E-E775396C58E8}.Debug|Any CPU.ActiveCfg = Debug|Any CPU
		{21CE91E9-5DE8-4AA2-A21E-E775396C58E8}.Debug|Any CPU.Build.0 = Debug|Any CPU
		{21CE91E9-5DE8-4AA2-A21E-E775396C58E8}.Debug|x64.ActiveCfg = Debug|Any CPU
		{21CE91E9-5DE8-4AA2-A21E-E775396C58E8}.Debug|x64.Build.0 = Debug|Any CPU
		{21CE91E9-5DE8-4AA2-A21E-E775396C58E8}.Debug|x86.ActiveCfg = Debug|Any CPU
		{21CE91E9-5DE8-4AA2-A21E-E775396C58E8}.Debug|x86.Build.0 = Debug|Any CPU
		{21CE91E9-5DE8-4AA2-A21E-E775396C58E8}.Release|Any CPU.ActiveCfg = Release|Any CPU
		{21CE91E9-5DE8-4AA2-A21E-E775396C58E8}.Release|Any CPU.Build.0 = Release|Any CPU
		{21CE91E9-5DE8-4AA2-A21E-E775396C58E8}.Release|x64.ActiveCfg = Release|Any CPU
		{21CE91E9-5DE8-4AA2-A21E-E775396C58E8}.Release|x64.Build.0 = Release|Any CPU
		{21CE91E9-5DE8-4AA2-A21E-E775396C58E8}.Release|x86.ActiveCfg = Release|Any CPU
		{21CE91E9-5DE8-4AA2-A21E-E775396C58E8}.Release|x86.Build.0 = Release|Any CPU
		{1A1FF961-591B-486E-B7D8-B89965CCF480}.Debug|Any CPU.ActiveCfg = Debug|Any CPU
		{1A1FF961-591B-486E-B7D8-B89965CCF480}.Debug|Any CPU.Build.0 = Debug|Any CPU
		{1A1FF961-591B-486E-B7D8-B89965CCF480}.Debug|x64.ActiveCfg = Debug|Any CPU
		{1A1FF961-591B-486E-B7D8-B89965CCF480}.Debug|x64.Build.0 = Debug|Any CPU
		{1A1FF961-591B-486E-B7D8-B89965CCF480}.Debug|x86.ActiveCfg = Debug|Any CPU
		{1A1FF961-591B-486E-B7D8-B89965CCF480}.Debug|x86.Build.0 = Debug|Any CPU
		{1A1FF961-591B-486E-B7D8-B89965CCF480}.Release|Any CPU.ActiveCfg = Release|Any CPU
		{1A1FF961-591B-486E-B7D8-B89965CCF480}.Release|Any CPU.Build.0 = Release|Any CPU
		{1A1FF961-591B-486E-B7D8-B89965CCF480}.Release|x64.ActiveCfg = Release|Any CPU
		{1A1FF961-591B-486E-B7D8-B89965CCF480}.Release|x64.Build.0 = Release|Any CPU
		{1A1FF961-591B-486E-B7D8-B89965CCF480}.Release|x86.ActiveCfg = Release|Any CPU
		{1A1FF961-591B-486E-B7D8-B89965CCF480}.Release|x86.Build.0 = Release|Any CPU
		{B28F450A-5A06-475A-9212-E3195137E145}.Debug|Any CPU.ActiveCfg = Debug|Any CPU
		{B28F450A-5A06-475A-9212-E3195137E145}.Debug|Any CPU.Build.0 = Debug|Any CPU
		{B28F450A-5A06-475A-9212-E3195137E145}.Debug|x64.ActiveCfg = Debug|Any CPU
		{B28F450A-5A06-475A-9212-E3195137E145}.Debug|x64.Build.0 = Debug|Any CPU
		{B28F450A-5A06-475A-9212-E3195137E145}.Debug|x86.ActiveCfg = Debug|Any CPU
		{B28F450A-5A06-475A-9212-E3195137E145}.Debug|x86.Build.0 = Debug|Any CPU
		{B28F450A-5A06-475A-9212-E3195137E145}.Release|Any CPU.ActiveCfg = Release|Any CPU
		{B28F450A-5A06-475A-9212-E3195137E145}.Release|Any CPU.Build.0 = Release|Any CPU
		{B28F450A-5A06-475A-9212-E3195137E145}.Release|x64.ActiveCfg = Release|Any CPU
		{B28F450A-5A06-475A-9212-E3195137E145}.Release|x64.Build.0 = Release|Any CPU
		{B28F450A-5A06-475A-9212-E3195137E145}.Release|x86.ActiveCfg = Release|Any CPU
		{B28F450A-5A06-475A-9212-E3195137E145}.Release|x86.Build.0 = Release|Any CPU
		{7403A243-AB29-48FF-8189-7B0F98692DED}.Debug|Any CPU.ActiveCfg = Debug|Any CPU
		{7403A243-AB29-48FF-8189-7B0F98692DED}.Debug|Any CPU.Build.0 = Debug|Any CPU
		{7403A243-AB29-48FF-8189-7B0F98692DED}.Debug|x64.ActiveCfg = Debug|Any CPU
		{7403A243-AB29-48FF-8189-7B0F98692DED}.Debug|x64.Build.0 = Debug|Any CPU
		{7403A243-AB29-48FF-8189-7B0F98692DED}.Debug|x86.ActiveCfg = Debug|Any CPU
		{7403A243-AB29-48FF-8189-7B0F98692DED}.Debug|x86.Build.0 = Debug|Any CPU
		{7403A243-AB29-48FF-8189-7B0F98692DED}.Release|Any CPU.ActiveCfg = Release|Any CPU
		{7403A243-AB29-48FF-8189-7B0F98692DED}.Release|Any CPU.Build.0 = Release|Any CPU
		{7403A243-AB29-48FF-8189-7B0F98692DED}.Release|x64.ActiveCfg = Release|Any CPU
		{7403A243-AB29-48FF-8189-7B0F98692DED}.Release|x64.Build.0 = Release|Any CPU
		{7403A243-AB29-48FF-8189-7B0F98692DED}.Release|x86.ActiveCfg = Release|Any CPU
		{7403A243-AB29-48FF-8189-7B0F98692DED}.Release|x86.Build.0 = Release|Any CPU
		{054C9F04-995D-4862-BED9-D6E45BE8F258}.Debug|Any CPU.ActiveCfg = Debug|Any CPU
		{054C9F04-995D-4862-BED9-D6E45BE8F258}.Debug|Any CPU.Build.0 = Debug|Any CPU
		{054C9F04-995D-4862-BED9-D6E45BE8F258}.Debug|x64.ActiveCfg = Debug|Any CPU
		{054C9F04-995D-4862-BED9-D6E45BE8F258}.Debug|x64.Build.0 = Debug|Any CPU
		{054C9F04-995D-4862-BED9-D6E45BE8F258}.Debug|x86.ActiveCfg = Debug|Any CPU
		{054C9F04-995D-4862-BED9-D6E45BE8F258}.Debug|x86.Build.0 = Debug|Any CPU
		{054C9F04-995D-4862-BED9-D6E45BE8F258}.Release|Any CPU.ActiveCfg = Release|Any CPU
		{054C9F04-995D-4862-BED9-D6E45BE8F258}.Release|Any CPU.Build.0 = Release|Any CPU
		{054C9F04-995D-4862-BED9-D6E45BE8F258}.Release|x64.ActiveCfg = Release|Any CPU
		{054C9F04-995D-4862-BED9-D6E45BE8F258}.Release|x64.Build.0 = Release|Any CPU
		{054C9F04-995D-4862-BED9-D6E45BE8F258}.Release|x86.ActiveCfg = Release|Any CPU
		{054C9F04-995D-4862-BED9-D6E45BE8F258}.Release|x86.Build.0 = Release|Any CPU
	EndGlobalSection
EndGlobal
